
Microsoft Visual Studio Solution File, Format Version 12.00
# Visual Studio Version 16
VisualStudioVersion = 16.0.29025.244
MinimumVisualStudioVersion = 10.0.40219.1
Project("{FAE04EC0-301F-11D3-BF4B-00C04F79EFBC}") = "CaixaEletronicoCliente", "CaixaEletronicoCliente\CaixaEletronicoCliente.csproj", "{E33C5981-BBE0-404E-8E2A-4D789B3247BF}"
EndProject
Global
	GlobalSection(SolutionConfigurationPlatforms) = preSolution
		Debug|Any CPU = Debug|Any CPU
		Release|Any CPU = Release|Any CPU
	EndGlobalSection
	GlobalSection(ProjectConfigurationPlatforms) = postSolution
		{E33C5981-BBE0-404E-8E2A-4D789B3247BF}.Debug|Any CPU.ActiveCfg = Debug|Any CPU
		{E33C5981-BBE0-404E-8E2A-4D789B3247BF}.Debug|Any CPU.Build.0 = Debug|Any CPU
		{E33C5981-BBE0-404E-8E2A-4D789B3247BF}.Release|Any CPU.ActiveCfg = Release|Any CPU
		{E33C5981-BBE0-404E-8E2A-4D789B3247BF}.Release|Any CPU.Build.0 = Release|Any CPU
	EndGlobalSection
	GlobalSection(SolutionProperties) = preSolution
		HideSolutionNode = FALSE
	EndGlobalSection
	GlobalSection(ExtensibilityGlobals) = postSolution
		SolutionGuid = {EEE6FDC9-EBAC-4DCE-88C6-CE04096BF436}
	EndGlobalSection
EndGlobal
